
Microsoft Visual Studio Solution File, Format Version 12.00
Project("{FAE04EC0-301F-11D3-BF4B-00C04F79EFBC}") = "lap1", "lap1\lap1.csproj", "{704BF391-E0E1-4596-B394-B48571984DEF}"
EndProject
Project("{FAE04EC0-301F-11D3-BF4B-00C04F79EFBC}") = "lap2", "lap2\lap2.csproj", "{C1AE8064-7D25-4228-9C04-3FF7DB99E9D7}"
EndProject
Project("{FAE04EC0-301F-11D3-BF4B-00C04F79EFBC}") = "lap3", "lap3\lap3.csproj", "{BC44A873-E062-4A76-8C7A-3CD85051F72E}"
EndProject
Project("{FAE04EC0-301F-11D3-BF4B-00C04F79EFBC}") = "lap4", "lap4\lap4.csproj", "{F46652B8-21F2-46C6-A7EE-187F06E6D03C}"
EndProject
Project("{FAE04EC0-301F-11D3-BF4B-00C04F79EFBC}") = "lap5", "lap5\lap5.csproj", "{04F5071C-FDB1-4745-A68B-0DCEA88C2C92}"
EndProject
Project("{FAE04EC0-301F-11D3-BF4B-00C04F79EFBC}") = "lap5Ex2", "lap5Ex2\lap5Ex2.csproj", "{42451038-DC05-442A-B204-78AF09723F44}"
EndProject
Project("{FAE04EC0-301F-11D3-BF4B-00C04F79EFBC}") = "lap6", "lap6\lap6.csproj", "{DAE27FAC-7D8A-4AD2-AAB3-3C1725F6CC31}"
EndProject
Project("{FAE04EC0-301F-11D3-BF4B-00C04F79EFBC}") = "lap6_1", "lap6_1\lap6_1.csproj", "{53E1926E-5833-4318-8076-6DDBAA31B39D}"
EndProject
Project("{FAE04EC0-301F-11D3-BF4B-00C04F79EFBC}") = "Quadratic_equation_2", "Quadratic_equation_2\Quadratic_equation_2.csproj", "{57EFFE21-0DA3-4888-9177-C0050E21002F}"
EndProject
Global
	GlobalSection(SolutionConfigurationPlatforms) = preSolution
		Debug|Any CPU = Debug|Any CPU
		Release|Any CPU = Release|Any CPU
	EndGlobalSection
	GlobalSection(ProjectConfigurationPlatforms) = postSolution
		{704BF391-E0E1-4596-B394-B48571984DEF}.Debug|Any CPU.ActiveCfg = Debug|Any CPU
		{704BF391-E0E1-4596-B394-B48571984DEF}.Debug|Any CPU.Build.0 = Debug|Any CPU
		{704BF391-E0E1-4596-B394-B48571984DEF}.Release|Any CPU.ActiveCfg = Release|Any CPU
		{704BF391-E0E1-4596-B394-B48571984DEF}.Release|Any CPU.Build.0 = Release|Any CPU
		{C1AE8064-7D25-4228-9C04-3FF7DB99E9D7}.Debug|Any CPU.ActiveCfg = Debug|Any CPU
		{C1AE8064-7D25-4228-9C04-3FF7DB99E9D7}.Debug|Any CPU.Build.0 = Debug|Any CPU
		{C1AE8064-7D25-4228-9C04-3FF7DB99E9D7}.Release|Any CPU.ActiveCfg = Release|Any CPU
		{C1AE8064-7D25-4228-9C04-3FF7DB99E9D7}.Release|Any CPU.Build.0 = Release|Any CPU
		{BC44A873-E062-4A76-8C7A-3CD85051F72E}.Debug|Any CPU.ActiveCfg = Debug|Any CPU
		{BC44A873-E062-4A76-8C7A-3CD85051F72E}.Debug|Any CPU.Build.0 = Debug|Any CPU
		{BC44A873-E062-4A76-8C7A-3CD85051F72E}.Release|Any CPU.ActiveCfg = Release|Any CPU
		{BC44A873-E062-4A76-8C7A-3CD85051F72E}.Release|Any CPU.Build.0 = Release|Any CPU
		{F46652B8-21F2-46C6-A7EE-187F06E6D03C}.Debug|Any CPU.ActiveCfg = Debug|Any CPU
		{F46652B8-21F2-46C6-A7EE-187F06E6D03C}.Debug|Any CPU.Build.0 = Debug|Any CPU
		{F46652B8-21F2-46C6-A7EE-187F06E6D03C}.Release|Any CPU.ActiveCfg = Release|Any CPU
		{F46652B8-21F2-46C6-A7EE-187F06E6D03C}.Release|Any CPU.Build.0 = Release|Any CPU
		{04F5071C-FDB1-4745-A68B-0DCEA88C2C92}.Debug|Any CPU.ActiveCfg = Debug|Any CPU
		{04F5071C-FDB1-4745-A68B-0DCEA88C2C92}.Debug|Any CPU.Build.0 = Debug|Any CPU
		{04F5071C-FDB1-4745-A68B-0DCEA88C2C92}.Release|Any CPU.ActiveCfg = Release|Any CPU
		{04F5071C-FDB1-4745-A68B-0DCEA88C2C92}.Release|Any CPU.Build.0 = Release|Any CPU
		{42451038-DC05-442A-B204-78AF09723F44}.Debug|Any CPU.ActiveCfg = Debug|Any CPU
		{42451038-DC05-442A-B204-78AF09723F44}.Debug|Any CPU.Build.0 = Debug|Any CPU
		{42451038-DC05-442A-B204-78AF09723F44}.Release|Any CPU.ActiveCfg = Release|Any CPU
		{42451038-DC05-442A-B204-78AF09723F44}.Release|Any CPU.Build.0 = Release|Any CPU
		{DAE27FAC-7D8A-4AD2-AAB3-3C1725F6CC31}.Debug|Any CPU.ActiveCfg = Debug|Any CPU
		{DAE27FAC-7D8A-4AD2-AAB3-3C1725F6CC31}.Debug|Any CPU.Build.0 = Debug|Any CPU
		{DAE27FAC-7D8A-4AD2-AAB3-3C1725F6CC31}.Release|Any CPU.ActiveCfg = Release|Any CPU
		{DAE27FAC-7D8A-4AD2-AAB3-3C1725F6CC31}.Release|Any CPU.Build.0 = Release|Any CPU
		{53E1926E-5833-4318-8076-6DDBAA31B39D}.Debug|Any CPU.ActiveCfg = Debug|Any CPU
		{53E1926E-5833-4318-8076-6DDBAA31B39D}.Debug|Any CPU.Build.0 = Debug|Any CPU
		{53E1926E-5833-4318-8076-6DDBAA31B39D}.Release|Any CPU.ActiveCfg = Release|Any CPU
		{53E1926E-5833-4318-8076-6DDBAA31B39D}.Release|Any CPU.Build.0 = Release|Any CPU
		{57EFFE21-0DA3-4888-9177-C0050E21002F}.Debug|Any CPU.ActiveCfg = Debug|Any CPU
		{57EFFE21-0DA3-4888-9177-C0050E21002F}.Debug|Any CPU.Build.0 = Debug|Any CPU
		{57EFFE21-0DA3-4888-9177-C0050E21002F}.Release|Any CPU.ActiveCfg = Release|Any CPU
		{57EFFE21-0DA3-4888-9177-C0050E21002F}.Release|Any CPU.Build.0 = Release|Any CPU
	EndGlobalSection
EndGlobal
